
Microsoft Visual Studio Solution File, Format Version 12.00
# Visual Studio Version 17
VisualStudioVersion = 17.0.31903.59
MinimumVisualStudioVersion = 10.0.40219.1
Project("{FAE04EC0-301F-11D3-BF4B-00C04F79EFBC}") = "SimpleWeb", "SimpleWeb\SimpleWeb.csproj", "{07A5D736-9292-459A-A15F-5302D12BCEA3}"
EndProject
Project("{FAE04EC0-301F-11D3-BF4B-00C04F79EFBC}") = "SimpleWeb.Tests", "SimpleWeb.Tests\SimpleWeb.Tests.csproj", "{E59B6D42-735B-4AD4-86DD-EC8F5778707F}"
EndProject
Global
	GlobalSection(SolutionConfigurationPlatforms) = preSolution
		Debug|Any CPU = Debug|Any CPU
		Release|Any CPU = Release|Any CPU
	EndGlobalSection
	GlobalSection(SolutionProperties) = preSolution
		HideSolutionNode = FALSE
	EndGlobalSection
	GlobalSection(ProjectConfigurationPlatforms) = postSolution
		{07A5D736-9292-459A-A15F-5302D12BCEA3}.Debug|Any CPU.ActiveCfg = Debug|Any CPU
		{07A5D736-9292-459A-A15F-5302D12BCEA3}.Debug|Any CPU.Build.0 = Debug|Any CPU
		{07A5D736-9292-459A-A15F-5302D12BCEA3}.Release|Any CPU.ActiveCfg = Release|Any CPU
		{07A5D736-9292-459A-A15F-5302D12BCEA3}.Release|Any CPU.Build.0 = Release|Any CPU
		{E59B6D42-735B-4AD4-86DD-EC8F5778707F}.Debug|Any CPU.ActiveCfg = Debug|Any CPU
		{E59B6D42-735B-4AD4-86DD-EC8F5778707F}.Debug|Any CPU.Build.0 = Debug|Any CPU
		{E59B6D42-735B-4AD4-86DD-EC8F5778707F}.Release|Any CPU.ActiveCfg = Release|Any CPU
		{E59B6D42-735B-4AD4-86DD-EC8F5778707F}.Release|Any CPU.Build.0 = Release|Any CPU
	EndGlobalSection
EndGlobal
